<?xml version="1.0" encoding="utf-8"?>
<Project ToolsVersion="4.0" xmlns="http://schemas.microsoft.com/developer/msbuild/2003">
  <ItemGroup>
    <Filter Include="Исходные файлы">
      <UniqueIdentifier>{4FC737F1-C7A5-4376-A066-2A32D752A2FF}</UniqueIdentifier>
      <Extensions>cpp;c;cc;cxx;def;odl;idl;hpj;bat;asm;asmx</Extensions>
    </Filter>
    <Filter Include="Файлы заголовков">
      <UniqueIdentifier>{93995380-89BD-4b04-88EB-625FBE52EBFB}</UniqueIdentifier>
      <Extensions>h;hh;hpp;hxx;hm;inl;inc;ipp;xsd</Extensions>
    </Filter>
    <Filter Include="Файлы ресурсов">
      <UniqueIdentifier>{67DA6AB6-F800-4c08-8B7A-83BB121AAD01}</UniqueIdentifier>
      <Extensions>rc;ico;cur;bmp;dlg;rc2;rct;bin;rgs;gif;jpg;jpeg;jpe;resx;tiff;tif;png;wav;mfcribbon-ms</Extensions>
    </Filter>
    <Filter Include="Исходные файлы\unity">
      <UniqueIdentifier>{da82dd41-d1e7-49e9-bc66-dcae6fca5648}</UniqueIdentifier>
    </Filter>
    <Filter Include="Исходные файлы\runners">
      <UniqueIdentifier>{744cd46e-f503-4243-82ac-411cab055c43}</UniqueIdentifier>
    </Filter>
    <Filter Include="Исходные файлы\tests">
      <UniqueIdentifier>{a721e3b5-545c-42f1-948f-82f64d9a95de}</UniqueIdentifier>
    </Filter>
    <Filter Include="Исходные файлы\src">
      <UniqueIdentifier>{4dc1e766-cb61-4709-97d1-00d5de42e026}</UniqueIdentifier>
    </Filter>
  </ItemGroup>
  <ItemGroup>
    <ClCompile Include="..\..\..\test\main.c">
      <Filter>Исходные файлы</Filter>
    </ClCompile>
    <ClCompile Include="..\..\..\test\test_runners\parameters.runner.c">
      <Filter>Исходные файлы\runners</Filter>
    </ClCompile>
    <ClCompile Include="..\..\..\test\test_runners\complex_support.runner.c">
      <Filter>Исходные файлы\runners</Filter>
    </ClCompile>
    <ClCompile Include="..\..\..\test\test_runners\solver.runner.c">
      <Filter>Исходные файлы\runners</Filter>
    </ClCompile>
    <ClCompile Include="..\..\..\test\complex_support.test.c">
      <Filter>Исходные файлы\tests</Filter>
    </ClCompile>
    <ClCompile Include="..\..\..\test\parameters.test.c">
      <Filter>Исходные файлы\tests</Filter>
    </ClCompile>
    <ClCompile Include="..\..\..\test\solver.test.c">
      <Filter>Исходные файлы\tests</Filter>
    </ClCompile>
    <ClCompile Include="..\..\..\src\complex_support.c">
      <Filter>Исходные файлы\src</Filter>
    </ClCompile>
    <ClCompile Include="..\..\..\src\parameters.c">
      <Filter>Исходные файлы\src</Filter>
    </ClCompile>
    <ClCompile Include="..\..\..\src\solver.c">
      <Filter>Исходные файлы\src</Filter>
    </ClCompile>
    <ClCompile Include="..\..\..\src\util.c">
      <Filter>Исходные файлы\src</Filter>
    </ClCompile>
    <ClCompile Include="..\..\..\3rd\unity\src\unity.c">
      <Filter>Исходные файлы\unity</Filter>
    </ClCompile>
    <ClCompile Include="..\..\..\3rd\unity\extras\fixture\src\unity_fixture.c">
      <Filter>Исходные файлы\unity</Filter>
    </ClCompile>
  </ItemGroup>
  <ItemGroup>
    <None Include="Test.ruleset" />
  </ItemGroup>
</Project>